
Microsoft Visual Studio Solution File, Format Version 12.00
# Visual Studio Version 16
VisualStudioVersion = 16.0.32407.337
MinimumVisualStudioVersion = 10.0.40219.1
Project("{9A19103F-16F7-4668-BE54-9A1E7A4F7556}") = "Solve Sudoko", "Solve Sudoko.csproj", "{2E33B385-3BB0-456A-ADC7-1429C8992CA1}"
EndProject
Project("{FAE04EC0-301F-11D3-BF4B-00C04F79EFBC}") = "Testing", "..\Testing\Testing.csproj", "{11ACE785-749B-4672-B446-D30065BC3416}"
EndProject
Global
	GlobalSection(SolutionConfigurationPlatforms) = preSolution
		Debug|Any CPU = Debug|Any CPU
		Release|Any CPU = Release|Any CPU
	EndGlobalSection
	GlobalSection(ProjectConfigurationPlatforms) = postSolution
		{2E33B385-3BB0-456A-ADC7-1429C8992CA1}.Debug|Any CPU.ActiveCfg = Debug|Any CPU
		{2E33B385-3BB0-456A-ADC7-1429C8992CA1}.Debug|Any CPU.Build.0 = Debug|Any CPU
		{2E33B385-3BB0-456A-ADC7-1429C8992CA1}.Release|Any CPU.ActiveCfg = Release|Any CPU
		{2E33B385-3BB0-456A-ADC7-1429C8992CA1}.Release|Any CPU.Build.0 = Release|Any CPU
		{11ACE785-749B-4672-B446-D30065BC3416}.Debug|Any CPU.ActiveCfg = Debug|Any CPU
		{11ACE785-749B-4672-B446-D30065BC3416}.Debug|Any CPU.Build.0 = Debug|Any CPU
		{11ACE785-749B-4672-B446-D30065BC3416}.Release|Any CPU.ActiveCfg = Release|Any CPU
		{11ACE785-749B-4672-B446-D30065BC3416}.Release|Any CPU.Build.0 = Release|Any CPU
	EndGlobalSection
	GlobalSection(SolutionProperties) = preSolution
		HideSolutionNode = FALSE
	EndGlobalSection
	GlobalSection(ExtensibilityGlobals) = postSolution
		SolutionGuid = {D4E16856-14C3-4244-88AA-ADB70744A24E}
	EndGlobalSection
EndGlobal
